// !$*UTF8*$!
{
	archiveVersion = 1;
	classes = {
	};
	objectVersion = 46;
	objects = {

/* Begin PBXBuildFile section */
		D20BE9511C716D8300BF7D8B /* main.m in Sources */ = {isa = PBXBuildFile; fileRef = D20BE9501C716D8300BF7D8B /* main.m */; };
		D20BE9541C716D8300BF7D8B /* AppDelegate.m in Sources */ = {isa = PBXBuildFile; fileRef = D20BE9531C716D8300BF7D8B /* AppDelegate.m */; };
		D20BE9571C716D8300BF7D8B /* ViewController.m in Sources */ = {isa = PBXBuildFile; fileRef = D20BE9561C716D8300BF7D8B /* ViewController.m */; };
		D20BE95A1C716D8300BF7D8B /* Main.storyboard in Resources */ = {isa = PBXBuildFile; fileRef = D20BE9581C716D8300BF7D8B /* Main.storyboard */; };
		D20BE95C1C716D8300BF7D8B /* Images.xcassets in Resources */ = {isa = PBXBuildFile; fileRef = D20BE95B1C716D8300BF7D8B /* Images.xcassets */; };
		D20BE95F1C716D8300BF7D8B /* LaunchScreen.xib in Resources */ = {isa = PBXBuildFile; fileRef = D20BE95D1C716D8300BF7D8B /* LaunchScreen.xib */; };
		D20BE96B1C716D8300BF7D8B /* StoryboardTutorialSampleTests.m in Sources */ = {isa = PBXBuildFile; fileRef = D20BE96A1C716D8300BF7D8B /* StoryboardTutorialSampleTests.m */; };
/* End PBXBuildFile section */

/* Begin PBXContainerItemProxy section */
		D20BE9651C716D8300BF7D8B /* PBXContainerItemProxy */ = {
			isa = PBXContainerItemProxy;
			containerPortal = D20BE9431C716D8300BF7D8B /* Project object */;
			proxyType = 1;
			remoteGlobalIDString = D20BE94A1C716D8300BF7D8B;
			remoteInfo = StoryboardTutorialSample;
		};
/* End PBXContainerItemProxy section */

/* Begin PBXFileReference section */
		D20BE94B1C716D8300BF7D8B /* StoryboardTutorialSample.app */ = {isa = PBXFileReference; explicitFileType = wrapper.application; includeInIndex = 0; path = StoryboardTutorialSample.app; sourceTree = BUILT_PRODUCTS_DIR; };
		D20BE94F1C716D8300BF7D8B /* Info.plist */ = {isa = PBXFileReference; lastKnownFileType = text.plist.xml; path = Info.plist; sourceTree = "<group>"; };
		D20BE9501C716D8300BF7D8B /* main.m */ = {isa = PBXFileReference; lastKnownFileType = sourcecode.c.objc; path = main.m; sourceTree = "<group>"; };
		D20BE9521C716D8300BF7D8B /* AppDelegate.h */ = {isa = PBXFileReference; lastKnownFileType = sourcecode.c.h; path = AppDelegate.h; sourceTree = "<group>"; };
		D20BE9531C716D8300BF7D8B /* AppDelegate.m */ = {isa = PBXFileReference; lastKnownFileType = sourcecode.c.objc; path = AppDelegate.m; sourceTree = "<group>"; };
		D20BE9551C716D8300BF7D8B /* ViewController.h */ = {isa = PBXFileReference; lastKnownFileType = sourcecode.c.h; path = ViewController.h; sourceTree = "<group>"; };
		D20BE9561C716D8300BF7D8B /* ViewController.m */ = {isa = PBXFileReference; lastKnownFileType = sourcecode.c.objc; path = ViewController.m; sourceTree = "<group>"; };
		D20BE9591C716D8300BF7D8B /* Base */ = {isa = PBXFileReference; lastKnownFileType = file.storyboard; name = Base; path = Base.lproj/Main.storyboard; sourceTree = "<group>"; };
		D20BE95B1C716D8300BF7D8B /* Images.xcassets */ = {isa = PBXFileReference; lastKnownFileType = folder.assetcatalog; path = Images.xcassets; sourceTree = "<group>"; };
		D20BE95E1C716D8300BF7D8B /* Base */ = {isa = PBXFileReference; lastKnownFileType = file.xib; name = Base; path = Base.lproj/LaunchScreen.xib; sourceTree = "<group>"; };
		D20BE9641C716D8300BF7D8B /* StoryboardTutorialSampleTests.xctest */ = {isa = PBXFileReference; explicitFileType = wrapper.cfbundle; includeInIndex = 0; path = StoryboardTutorialSampleTests.xctest; sourceTree = BUILT_PRODUCTS_DIR; };
		D20BE9691C716D8300BF7D8B /* Info.plist */ = {isa = PBXFileReference; lastKnownFileType = text.plist.xml; path = Info.plist; sourceTree = "<group>"; };
		D20BE96A1C716D8300BF7D8B /* StoryboardTutorialSampleTests.m */ = {isa = PBXFileReference; lastKnownFileType = sourcecode.c.objc; path = StoryboardTutorialSampleTests.m; sourceTree = "<group>"; };
/* End PBXFileReference section */

/* Begin PBXFrameworksBuildPhase section */
		D20BE9481C716D8300BF7D8B /* Frameworks */ = {
			isa = PBXFrameworksBuildPhase;
			buildActionMask = 2147483647;
			files = (
			);
			runOnlyForDeploymentPostprocessing = 0;
		};
		D20BE9611C716D8300BF7D8B /* Frameworks */ = {
			isa = PBXFrameworksBuildPhase;
			buildActionMask = 2147483647;
			files = (
			);
			runOnlyForDeploymentPostprocessing = 0;
		};
/* End PBXFrameworksBuildPhase section */

/* Begin PBXGroup section */
		D20BE9421C716D8300BF7D8B = {
			isa = PBXGroup;
			children = (
				D20BE94D1C716D8300BF7D8B /* StoryboardTutorialSample */,
				D20BE9671C716D8300BF7D8B /* StoryboardTutorialSampleTests */,
				D20BE94C1C716D8300BF7D8B /* Products */,
			);
			sourceTree = "<group>";
		};
		D20BE94C1C716D8300BF7D8B /* Products */ = {
			isa = PBXGroup;
			children = (
				D20BE94B1C716D8300BF7D8B /* StoryboardTutorialSample.app */,
				D20BE9641C716D8300BF7D8B /* StoryboardTutorialSampleTests.xctest */,
			);
			name = Products;
			sourceTree = "<group>";
		};
		D20BE94D1C716D8300BF7D8B /* StoryboardTutorialSample */ = {
			isa = PBXGroup;
			children = (
				D20BE9521C716D8300BF7D8B /* AppDelegate.h */,
				D20BE9531C716D8300BF7D8B /* AppDelegate.m */,
				D20BE9551C716D8300BF7D8B /* ViewController.h */,
				D20BE9561C716D8300BF7D8B /* ViewController.m */,
				D20BE9581C716D8300BF7D8B /* Main.storyboard */,
				D20BE95B1C716D8300BF7D8B /* Images.xcassets */,
				D20BE95D1C716D8300BF7D8B /* LaunchScreen.xib */,
				D20BE94E1C716D8300BF7D8B /* Supporting Files */,
			);
			path = StoryboardTutorialSample;
			sourceTree = "<group>";
		};
		D20BE94E1C716D8300BF7D8B /* Supporting Files */ = {
			isa = PBXGroup;
			children = (
				D20BE94F1C716D8300BF7D8B /* Info.plist */,
				D20BE9501C716D8300BF7D8B /* main.m */,
			);
			name = "Supporting Files";
			sourceTree = "<group>";
		};
		D20BE9671C716D8300BF7D8B /* StoryboardTutorialSampleTests */ = {
			isa = PBXGroup;
			children = (
				D20BE96A1C716D8300BF7D8B /* StoryboardTutorialSampleTests.m */,
				D20BE9681C716D8300BF7D8B /* Supporting Files */,
			);
			path = StoryboardTutorialSampleTests;
			sourceTree = "<group>";
		};
		D20BE9681C716D8300BF7D8B /* Supporting Files */ = {
			isa = PBXGroup;
			children = (
				D20BE9691C716D8300BF7D8B /* Info.plist */,
			);
			name = "Supporting Files";
			sourceTree = "<group>";
		};
/* End PBXGroup section */

/* Begin PBXNativeTarget section */
		D20BE94A1C716D8300BF7D8B /* StoryboardTutorialSample */ = {
			isa = PBXNativeTarget;
			buildConfigurationList = D20BE96E1C716D8300BF7D8B /* Build configuration list for PBXNativeTarget "StoryboardTutorialSample" */;
			buildPhases = (
				D20BE9471C716D8300BF7D8B /* Sources */,
				D20BE9481C716D8300BF7D8B /* Frameworks */,
				D20BE9491C716D8300BF7D8B /* Resources */,
			);
			buildRules = (
			);
			dependencies = (
			);
			name = StoryboardTutorialSample;
			productName = StoryboardTutorialSample;
			productReference = D20BE94B1C716D8300BF7D8B /* StoryboardTutorialSample.app */;
			productType = "com.apple.product-type.application";
		};
		D20BE9631C716D8300BF7D8B /* StoryboardTutorialSampleTests */ = {
			isa = PBXNativeTarget;
			buildConfigurationList = D20BE9711C716D8300BF7D8B /* Build configuration list for PBXNativeTarget "StoryboardTutorialSampleTests" */;
			buildPhases = (
				D20BE9601C716D8300BF7D8B /* Sources */,
				D20BE9611C716D8300BF7D8B /* Frameworks */,
				D20BE9621C716D8300BF7D8B /* Resources */,
			);
			buildRules = (
			);
			dependencies = (
				D20BE9661C716D8300BF7D8B /* PBXTargetDependency */,
			);
			name = StoryboardTutorialSampleTests;
			productName = StoryboardTutorialSampleTests;
			productReference = D20BE9641C716D8300BF7D8B /* StoryboardTutorialSampleTests.xctest */;
			productType = "com.apple.product-type.bundle.unit-test";
		};
/* End PBXNativeTarget section */

/* Begin PBXProject section */
		D20BE9431C716D8300BF7D8B /* Project object */ = {
			isa = PBXProject;
			attributes = {
				LastUpgradeCheck = 0640;
				ORGANIZATIONNAME = StoryboardTutorialSample;
				TargetAttributes = {
					D20BE94A1C716D8300BF7D8B = {
						CreatedOnToolsVersion = 6.4;
					};
					D20BE9631C716D8300BF7D8B = {
						CreatedOnToolsVersion = 6.4;
						TestTargetID = D20BE94A1C716D8300BF7D8B;
					};
				};
			};
			buildConfigurationList = D20BE9461C716D8300BF7D8B /* Build configuration list for PBXProject "StoryboardTutorialSample" */;
			compatibilityVersion = "Xcode 3.2";
			developmentRegion = English;
			hasScannedForEncodings = 0;
			knownRegions = (
				en,
				Base,
			);
			mainGroup = D20BE9421C716D8300BF7D8B;
			productRefGroup = D20BE94C1C716D8300BF7D8B /* Products */;
			projectDirPath = "";
			projectRoot = "";
			targets = (
				D20BE94A1C716D8300BF7D8B /* StoryboardTutorialSample */,
				D20BE9631C716D8300BF7D8B /* StoryboardTutorialSampleTests */,
			);
		};
/* End PBXProject section */

/* Begin PBXResourcesBuildPhase section */
		D20BE9491C716D8300BF7D8B /* Resources */ = {
			isa = PBXResourcesBuildPhase;
			buildActionMask = 2147483647;
			files = (
				D20BE95A1C716D8300BF7D8B /* Main.storyboard in Resources */,
				D20BE95F1C716D8300BF7D8B /* LaunchScreen.xib in Resources */,
				D20BE95C1C716D8300BF7D8B /* Images.xcassets in Resources */,
			);
			runOnlyForDeploymentPostprocessing = 0;
		};
		D20BE9621C716D8300BF7D8B /* Resources */ = {
			isa = PBXResourcesBuildPhase;
			buildActionMask = 2147483647;
			files = (
			);
			runOnlyForDeploymentPostprocessing = 0;
		};
/* End PBXResourcesBuildPhase section */

/* Begin PBXSourcesBuildPhase section */
		D20BE9471C716D8300BF7D8B /* Sources */ = {
			isa = PBXSourcesBuildPhase;
			buildActionMask = 2147483647;
			files = (
				D20BE9571C716D8300BF7D8B /* ViewController.m in Sources */,
				D20BE9541C716D8300BF7D8B /* AppDelegate.m in Sources */,
				D20BE9511C716D8300BF7D8B /* main.m in Sources */,
			);
			runOnlyForDeploymentPostprocessing = 0;
		};
		D20BE9601C716D8300BF7D8B /* Sources */ = {
			isa = PBXSourcesBuildPhase;
			buildActionMask = 2147483647;
			files = (
				D20BE96B1C716D8300BF7D8B /* StoryboardTutorialSampleTests.m in Sources */,
			);
			runOnlyForDeploymentPostprocessing = 0;
		};
/* End PBXSourcesBuildPhase section */

/* Begin PBXTargetDependency section */
		D20BE9661C716D8300BF7D8B /* PBXTargetDependency */ = {
			isa = PBXTargetDependency;
			target = D20BE94A1C716D8300BF7D8B /* StoryboardTutorialSample */;
			targetProxy = D20BE9651C716D8300BF7D8B /* PBXContainerItemProxy */;
		};
/* End PBXTargetDependency section */

/* Begin PBXVariantGroup section */
		D20BE9581C716D8300BF7D8B /* Main.storyboard */ = {
			isa = PBXVariantGroup;
			children = (
				D20BE9591C716D8300BF7D8B /* Base */,
			);
			name = Main.storyboard;
			sourceTree = "<group>";
		};
		D20BE95D1C716D8300BF7D8B /* LaunchScreen.xib */ = {
			isa = PBXVariantGroup;
			children = (
				D20BE95E1C716D8300BF7D8B /* Base */,
			);
			name = LaunchScreen.xib;
			sourceTree = "<group>";
		};
/* End PBXVariantGroup section */

/* Begin XCBuildConfiguration section */
		D20BE96C1C716D8300BF7D8B /* Debug */ = {
			isa = XCBuildConfiguration;
			buildSettings = {
				ALWAYS_SEARCH_USER_PATHS = NO;
				CLANG_CXX_LANGUAGE_STANDARD = "gnu++0x";
				CLANG_CXX_LIBRARY = "libc++";
				CLANG_ENABLE_MODULES = YES;
				CLANG_ENABLE_OBJC_ARC = YES;
				CLANG_WARN_BOOL_CONVERSION = YES;
				CLANG_WARN_CONSTANT_CONVERSION = YES;
				CLANG_WARN_DIRECT_OBJC_ISA_USAGE = YES_ERROR;
				CLANG_WARN_EMPTY_BODY = YES;
				CLANG_WARN_ENUM_CONVERSION = YES;
				CLANG_WARN_INT_CONVERSION = YES;
				CLANG_WARN_OBJC_ROOT_CLASS = YES_ERROR;
				CLANG_WARN_UNREACHABLE_CODE = YES;
				CLANG_WARN__DUPLICATE_METHOD_MATCH = YES;
				"CODE_SIGN_IDENTITY[sdk=iphoneos*]" = "iPhone Developer";
				COPY_PHASE_STRIP = NO;
				DEBUG_INFORMATION_FORMAT = "dwarf-with-dsym";
				ENABLE_STRICT_OBJC_MSGSEND = YES;
				GCC_C_LANGUAGE_STANDARD = gnu99;
				GCC_DYNAMIC_NO_PIC = NO;
				GCC_NO_COMMON_BLOCKS = YES;
				GCC_OPTIMIZATION_LEVEL = 0;
				GCC_PREPROCESSOR_DEFINITIONS = (
					"DEBUG=1",
					"$(inherited)",
				);
				GCC_SYMBOLS_PRIVATE_EXTERN = NO;
				GCC_WARN_64_TO_32_BIT_CONVERSION = YES;
				GCC_WARN_ABOUT_RETURN_TYPE = YES_ERROR;
				GCC_WARN_UNDECLARED_SELECTOR = YES;
				GCC_WARN_UNINITIALIZED_AUTOS = YES_AGGRESSIVE;
				GCC_WARN_UNUSED_FUNCTION = YES;
				GCC_WARN_UNUSED_VARIABLE = YES;
				IPHONEOS_DEPLOYMENT_TARGET = 8.4;
				MTL_ENABLE_DEBUG_INFO = YES;
				ONLY_ACTIVE_ARCH = YES;
				SDKROOT = iphoneos;
			};
			name = Debug;
		};
		D20BE96D1C716D8300BF7D8B /* Release */ = {
			isa = XCBuildConfiguration;
			buildSettings = {
				ALWAYS_SEARCH_USER_PATHS = NO;
				CLANG_CXX_LANGUAGE_STANDARD = "gnu++0x";
				CLANG_CXX_LIBRARY = "libc++";
				CLANG_ENABLE_MODULES = YES;
				CLANG_ENABLE_OBJC_ARC = YES;
				CLANG_WARN_BOOL_CONVERSION = YES;
				CLANG_WARN_CONSTANT_CONVERSION = YES;
				CLANG_WARN_DIRECT_OBJC_ISA_USAGE = YES_ERROR;
				CLANG_WARN_EMPTY_BODY = YES;
				CLANG_WARN_ENUM_CONVERSION = YES;
				CLANG_WARN_INT_CONVERSION = YES;
				CLANG_WARN_OBJC_ROOT_CLASS = YES_ERROR;
				CLANG_WARN_UNREACHABLE_CODE = YES;
				CLANG_WARN__DUPLICATE_METHOD_MATCH = YES;
				"CODE_SIGN_IDENTITY[sdk=iphoneos*]" = "iPhone Developer";
				COPY_PHASE_STRIP = NO;
				DEBUG_INFORMATION_FORMAT = "dwarf-with-dsym";
				ENABLE_NS_ASSERTIONS = NO;
				ENABLE_STRICT_OBJC_MSGSEND = YES;
				GCC_C_LANGUAGE_STANDARD = gnu99;
				GCC_NO_COMMON_BLOCKS = YES;
				GCC_WARN_64_TO_32_BIT_CONVERSION = YES;
				GCC_WARN_ABOUT_RETURN_TYPE = YES_ERROR;
				GCC_WARN_UNDECLARED_SELECTOR = YES;
				GCC_WARN_UNINITIALIZED_AUTOS = YES_AGGRESSIVE;
				GCC_WARN_UNUSED_FUNCTION = YES;
				GCC_WARN_UNUSED_VARIABLE = YES;
				IPHONEOS_DEPLOYMENT_TARGET = 8.4;
				MTL_ENABLE_DEBUG_INFO = NO;
				SDKROOT = iphoneos;
				VALIDATE_PRODUCT = YES;
			};
			name = Release;
		};
		D20BE96F1C716D8300BF7D8B /* Debug */ = {
			isa = XCBuildConfiguration;
			buildSettings = {
				ASSETCATALOG_COMPILER_APPICON_NAME = AppIcon;
				INFOPLIST_FILE = StoryboardTutorialSample/Info.plist;
				LD_RUNPATH_SEARCH_PATHS = "$(inherited) @executable_path/Frameworks";
				PRODUCT_NAME = "$(TARGET_NAME)";
			};
			name = Debug;
		};
		D20BE9701C716D8300BF7D8B /* Release */ = {
			isa = XCBuildConfiguration;
			buildSettings = {
				ASSETCATALOG_COMPILER_APPICON_NAME = AppIcon;
				INFOPLIST_FILE = StoryboardTutorialSample/Info.plist;
				LD_RUNPATH_SEARCH_PATHS = "$(inherited) @executable_path/Frameworks";
				PRODUCT_NAME = "$(TARGET_NAME)";
			};
			name = Release;
		};
		D20BE9721C716D8300BF7D8B /* Debug */ = {
			isa = XCBuildConfiguration;
			buildSettings = {
				BUNDLE_LOADER = "$(TEST_HOST)";
				FRAMEWORK_SEARCH_PATHS = (
					"$(SDKROOT)/Developer/Library/Frameworks",
					"$(inherited)",
				);
				GCC_PREPROCESSOR_DEFINITIONS = (
					"DEBUG=1",
					"$(inherited)",
				);
				INFOPLIST_FILE = StoryboardTutorialSampleTests/Info.plist;
				LD_RUNPATH_SEARCH_PATHS = "$(inherited) @executable_path/Frameworks @loader_path/Frameworks";
				PRODUCT_NAME = "$(TARGET_NAME)";
				TEST_HOST = "$(BUILT_PRODUCTS_DIR)/StoryboardTutorialSample.app/StoryboardTutorialSample";
			};
			name = Debug;
		};
		D20BE9731C716D8300BF7D8B /* Release */ = {
			isa = XCBuildConfiguration;
			buildSettings = {
				BUNDLE_LOADER = "$(TEST_HOST)";
				FRAMEWORK_SEARCH_PATHS = (
					"$(SDKROOT)/Developer/Library/Frameworks",
					"$(inherited)",
				);
				INFOPLIST_FILE = StoryboardTutorialSampleTests/Info.plist;
				LD_RUNPATH_SEARCH_PATHS = "$(inherited) @executable_path/Frameworks @loader_path/Frameworks";
				PRODUCT_NAME = "$(TARGET_NAME)";
				TEST_HOST = "$(BUILT_PRODUCTS_DIR)/StoryboardTutorialSample.app/StoryboardTutorialSample";
			};
			name = Release;
		};
/* End XCBuildConfiguration section */

/* Begin XCConfigurationList section */
		D20BE9461C716D8300BF7D8B /* Build configuration list for PBXProject "StoryboardTutorialSample" */ = {
			isa = XCConfigurationList;
			buildConfigurations = (
				D20BE96C1C716D8300BF7D8B /* Debug */,
				D20BE96D1C716D8300BF7D8B /* Release */,
			);
			defaultConfigurationIsVisible = 0;
			defaultConfigurationName = Release;
		};
		D20BE96E1C716D8300BF7D8B /* Build configuration list for PBXNativeTarget "StoryboardTutorialSample" */ = {
			isa = XCConfigurationList;
			buildConfigurations = (
				D20BE96F1C716D8300BF7D8B /* Debug */,
				D20BE9701C716D8300BF7D8B /* Release */,
			);
			defaultConfigurationIsVisible = 0;
		};
		D20BE9711C716D8300BF7D8B /* Build configuration list for PBXNativeTarget "StoryboardTutorialSampleTests" */ = {
			isa = XCConfigurationList;
			buildConfigurations = (
				D20BE9721C716D8300BF7D8B /* Debug */,
				D20BE9731C716D8300BF7D8B /* Release */,
			);
			defaultConfigurationIsVisible = 0;
		};
/* End XCConfigurationList section */
	};
	rootObject = D20BE9431C716D8300BF7D8B /* Project object */;
}
